
Microsoft Visual Studio Solution File, Format Version 12.00
# Visual Studio Version 17
VisualStudioVersion = 17.0.31903.59
MinimumVisualStudioVersion = 10.0.40219.1
Project("{FAE04EC0-301F-11D3-BF4B-00C04F79EFBC}") = "task02", "task02\task02.csproj", "{C6B821A1-E546-4050-AB1E-ED659E04DEBA}"
EndProject
Project("{FAE04EC0-301F-11D3-BF4B-00C04F79EFBC}") = "task02tests", "task02tests\task02tests.csproj", "{145124D5-686D-436B-90F7-D15A7DCBA367}"
EndProject
Global
	GlobalSection(SolutionConfigurationPlatforms) = preSolution
		Debug|Any CPU = Debug|Any CPU
		Release|Any CPU = Release|Any CPU
	EndGlobalSection
	GlobalSection(SolutionProperties) = preSolution
		HideSolutionNode = FALSE
	EndGlobalSection
	GlobalSection(ProjectConfigurationPlatforms) = postSolution
		{C6B821A1-E546-4050-AB1E-ED659E04DEBA}.Debug|Any CPU.ActiveCfg = Debug|Any CPU
		{C6B821A1-E546-4050-AB1E-ED659E04DEBA}.Debug|Any CPU.Build.0 = Debug|Any CPU
		{C6B821A1-E546-4050-AB1E-ED659E04DEBA}.Release|Any CPU.ActiveCfg = Release|Any CPU
		{C6B821A1-E546-4050-AB1E-ED659E04DEBA}.Release|Any CPU.Build.0 = Release|Any CPU
		{145124D5-686D-436B-90F7-D15A7DCBA367}.Debug|Any CPU.ActiveCfg = Debug|Any CPU
		{145124D5-686D-436B-90F7-D15A7DCBA367}.Debug|Any CPU.Build.0 = Debug|Any CPU
		{145124D5-686D-436B-90F7-D15A7DCBA367}.Release|Any CPU.ActiveCfg = Release|Any CPU
		{145124D5-686D-436B-90F7-D15A7DCBA367}.Release|Any CPU.Build.0 = Release|Any CPU
	EndGlobalSection
EndGlobal
