
Microsoft Visual Studio Solution File, Format Version 12.00
# Visual Studio Version 17
VisualStudioVersion = 17.0.31903.59
MinimumVisualStudioVersion = 10.0.40219.1
Project("{FAE04EC0-301F-11D3-BF4B-00C04F79EFBC}") = "task01", "task01\task01.csproj", "{B1C1E0E7-2E6F-4C3F-92FA-287A4A75889C}"
EndProject
Project("{FAE04EC0-301F-11D3-BF4B-00C04F79EFBC}") = "task01tests", "task01tests\task01tests.csproj", "{100AB609-FB9E-4619-9645-092442B5F987}"
EndProject
Global
	GlobalSection(SolutionConfigurationPlatforms) = preSolution
		Debug|Any CPU = Debug|Any CPU
		Release|Any CPU = Release|Any CPU
	EndGlobalSection
	GlobalSection(SolutionProperties) = preSolution
		HideSolutionNode = FALSE
	EndGlobalSection
	GlobalSection(ProjectConfigurationPlatforms) = postSolution
		{B1C1E0E7-2E6F-4C3F-92FA-287A4A75889C}.Debug|Any CPU.ActiveCfg = Debug|Any CPU
		{B1C1E0E7-2E6F-4C3F-92FA-287A4A75889C}.Debug|Any CPU.Build.0 = Debug|Any CPU
		{B1C1E0E7-2E6F-4C3F-92FA-287A4A75889C}.Release|Any CPU.ActiveCfg = Release|Any CPU
		{B1C1E0E7-2E6F-4C3F-92FA-287A4A75889C}.Release|Any CPU.Build.0 = Release|Any CPU
		{100AB609-FB9E-4619-9645-092442B5F987}.Debug|Any CPU.ActiveCfg = Debug|Any CPU
		{100AB609-FB9E-4619-9645-092442B5F987}.Debug|Any CPU.Build.0 = Debug|Any CPU
		{100AB609-FB9E-4619-9645-092442B5F987}.Release|Any CPU.ActiveCfg = Release|Any CPU
		{100AB609-FB9E-4619-9645-092442B5F987}.Release|Any CPU.Build.0 = Release|Any CPU
	EndGlobalSection
EndGlobal
