
Microsoft Visual Studio Solution File, Format Version 12.00
# Visual Studio Version 17
VisualStudioVersion = 17.0.31903.59
MinimumVisualStudioVersion = 10.0.40219.1
Project("{FAE04EC0-301F-11D3-BF4B-00C04F79EFBC}") = "task13", "task13\task13.csproj", "{8EBEB612-1579-42CD-879A-144331E1D183}"
EndProject
Project("{FAE04EC0-301F-11D3-BF4B-00C04F79EFBC}") = "task13tests", "task13tests\task13tests.csproj", "{5DD4D752-2DFF-497E-AC6D-AA5B34BF0C0C}"
EndProject
Global
	GlobalSection(SolutionConfigurationPlatforms) = preSolution
		Debug|Any CPU = Debug|Any CPU
		Release|Any CPU = Release|Any CPU
	EndGlobalSection
	GlobalSection(SolutionProperties) = preSolution
		HideSolutionNode = FALSE
	EndGlobalSection
	GlobalSection(ProjectConfigurationPlatforms) = postSolution
		{8EBEB612-1579-42CD-879A-144331E1D183}.Debug|Any CPU.ActiveCfg = Debug|Any CPU
		{8EBEB612-1579-42CD-879A-144331E1D183}.Debug|Any CPU.Build.0 = Debug|Any CPU
		{8EBEB612-1579-42CD-879A-144331E1D183}.Release|Any CPU.ActiveCfg = Release|Any CPU
		{8EBEB612-1579-42CD-879A-144331E1D183}.Release|Any CPU.Build.0 = Release|Any CPU
		{5DD4D752-2DFF-497E-AC6D-AA5B34BF0C0C}.Debug|Any CPU.ActiveCfg = Debug|Any CPU
		{5DD4D752-2DFF-497E-AC6D-AA5B34BF0C0C}.Debug|Any CPU.Build.0 = Debug|Any CPU
		{5DD4D752-2DFF-497E-AC6D-AA5B34BF0C0C}.Release|Any CPU.ActiveCfg = Release|Any CPU
		{5DD4D752-2DFF-497E-AC6D-AA5B34BF0C0C}.Release|Any CPU.Build.0 = Release|Any CPU
	EndGlobalSection
EndGlobal
